github.com/jhonsferg/relay v0.1.1 h1:yU3d8v0XC4es+QHewPrXcYzdn8znlX01xEdOFW5wElA=
github.com/jhonsferg/relay v0.1.1/go.mod h1:w4AP3tyYOUhiO5KtzM1bF715rsB88fJRUh4AHq836rk=
github.com/klauspost/compress v1.18.5 h1:/h1gH5Ce+VWNLSWqPzOVn6XBO+vJbCNGvjoaGBFW2IE=
github.com/klauspost/compress v1.18.5/go.mod h1:cwPg85FWrGar70rWktvGQj8/hthj3wpl0PGDogxkrSQ=
golang.org/x/sync v0.19.0 h1:vV+1eWNmZ5geRlYjzm2adRgW2/mcpevXNg50YZtPCE4=
golang.org/x/sync v0.19.0/go.mod h1:9KTHXmSnoGruLpwFjVSX0lNNA75CykiMECbovNTZqGI=
