github.com/jhonsferg/relay v0.1.11 h1:955bh8JnihfY2VgXCXPIQ9qBuZustKXm66CbFJph05g=
github.com/jhonsferg/relay v0.1.11/go.mod h1:w4AP3tyYOUhiO5KtzM1bF715rsB88fJRUh4AHq836rk=
golang.org/x/sync v0.22.0 h1:SZjpbeLmrCk4xhRSZFNZW5gFUeCeFgjekvI/+gfScek=
golang.org/x/sync v0.22.0/go.mod h1:9xrNwdLfx4jkKbNva9FpL6vEN7evnE43NNNJQ2LF3+0=
