github.com/davecgh/go-spew v1.1.1 h1:vj9j/u1bqnvCEfJOwUhtlOARqs3+rkHYY13jYWTU97c=
github.com/davecgh/go-spew v1.1.1/go.mod h1:J7Y8YcW2NihsgmVo/mv3lAwl/skON4iLHjSsI+c5H38=
github.com/getkin/kin-openapi v0.134.0 h1:/L5+1+kfe6dXh8Ot/wqiTgUkjOIEJiC0bbYVziHB8rU=
github.com/getkin/kin-openapi v0.134.0/go.mod h1:wK6ZLG/VgoETO9pcLJ/VmAtIcl/DNlMayNTb716EUxE=
github.com/go-openapi/jsonpointer v0.21.0 h1:YgdVicSA9vH5RiHs9TZW5oyafXZFc6+2Vc1rr/O9oNQ=
github.com/go-openapi/jsonpointer v0.21.0/go.mod h1:IUyH9l/+uyhIYQ/PXVA41Rexl+kOkAPDdXEYns6fzUY=
github.com/go-openapi/swag v0.25.5 h1:pNkwbUEeGwMtcgxDr+2GBPAk4kT+kJ+AaB+TMKAg+TU=
github.com/go-openapi/swag v0.25.5/go.mod h1:B3RT6l8q7X803JRxa2e59tHOiZlX1t8viplOcs9CwTA=
github.com/go-openapi/swag/cmdutils v0.25.5 h1:yh5hHrpgsw4NwM9KAEtaDTXILYzdXh/I8Whhx9hKj7c=
github.com/go-openapi/swag/cmdutils v0.25.5/go.mod h1:pdae/AFo6WxLl5L0rq87eRzVPm/XRHM3MoYgRMvG4A0=
github.com/go-openapi/swag/conv v0.25.5 h1:wAXBYEXJjoKwE5+vc9YHhpQOFj2JYBMF2DUi+tGu97g=
github.com/go-openapi/swag/conv v0.25.5/go.mod h1:CuJ1eWvh1c4ORKx7unQnFGyvBbNlRKbnRyAvDvzWA4k=
github.com/go-openapi/swag/fileutils v0.25.5 h1:B6JTdOcs2c0dBIs9HnkyTW+5gC+8NIhVBUwERkFhMWk=
github.com/go-openapi/swag/fileutils v0.25.5/go.mod h1:V3cT9UdMQIaH4WiTrUc9EPtVA4txS0TOmRURmhGF4kc=
github.com/go-openapi/swag/jsonname v0.25.5 h1:8p150i44rv/Drip4vWI3kGi9+4W9TdI3US3uUYSFhSo=
github.com/go-openapi/swag/jsonname v0.25.5/go.mod h1:jNqqikyiAK56uS7n8sLkdaNY/uq6+D2m2LANat09pKU=
github.com/go-openapi/swag/jsonutils v0.25.5 h1:XUZF8awQr75MXeC+/iaw5usY/iM7nXPDwdG3Jbl9vYo=
github.com/go-openapi/swag/jsonutils v0.25.5/go.mod h1:48FXUaz8YsDAA9s5AnaUvAmry1UcLcNVWUjY42XkrN4=
github.com/go-openapi/swag/jsonutils/fixtures_test v0.25.5 h1:SX6sE4FrGb4sEnnxbFL/25yZBb5Hcg1inLeErd86Y1U=
github.com/go-openapi/swag/jsonutils/fixtures_test v0.25.5/go.mod h1:/2KvOTrKWjVA5Xli3DZWdMCZDzz3uV/T7bXwrKWPquo=
github.com/go-openapi/swag/loading v0.25.5 h1:odQ/umlIZ1ZVRteI6ckSrvP6e2w9UTF5qgNdemJHjuU=
github.com/go-openapi/swag/loading v0.25.5/go.mod h1:I8A8RaaQ4DApxhPSWLNYWh9NvmX2YKMoB9nwvv6oW6g=
github.com/go-openapi/swag/mangling v0.25.5 h1:hyrnvbQRS7vKePQPHHDso+k6CGn5ZBs5232UqWZmJZw=
github.com/go-openapi/swag/mangling v0.25.5/go.mod h1:6hadXM/o312N/h98RwByLg088U61TPGiltQn71Iw0NY=
github.com/go-openapi/swag/netutils v0.25.5 h1:LZq2Xc2QI8+7838elRAaPCeqJnHODfSyOa7ZGfxDKlU=
github.com/go-openapi/swag/netutils v0.25.5/go.mod h1:lHbtmj4m57APG/8H7ZcMMSWzNqIQcu0RFiXrPUara14=
github.com/go-openapi/swag/stringutils v0.25.5 h1:NVkoDOA8YBgtAR/zvCx5rhJKtZF3IzXcDdwOsYzrB6M=
github.com/go-openapi/swag/stringutils v0.25.5/go.mod h1:PKK8EZdu4QJq8iezt17HM8RXnLAzY7gW0O1KKarrZII=
github.com/go-openapi/swag/typeutils v0.25.5 h1:EFJ+PCga2HfHGdo8s8VJXEVbeXRCYwzzr9u4rJk7L7E=
github.com/go-openapi/swag/typeutils v0.25.5/go.mod h1:itmFmScAYE1bSD8C4rS0W+0InZUBrB2xSPbWt6DLGuc=
github.com/go-openapi/swag/yamlutils v0.25.5 h1:kASCIS+oIeoc55j28T4o8KwlV2S4ZLPT6G0iq2SSbVQ=
github.com/go-openapi/swag/yamlutils v0.25.5/go.mod h1:Gek1/SjjfbYvM+Iq4QGwa/2lEXde9n2j4a3wI3pNuOQ=
github.com/go-openapi/testify/enable/yaml/v2 v2.4.0 h1:7SgOMTvJkM8yWrQlU8Jm18VeDPuAvB/xWrdxFJkoFag=
github.com/go-openapi/testify/enable/yaml/v2 v2.4.0/go.mod h1:14iV8jyyQlinc9StD7w1xVPW3CO3q1Gj04Jy//Kw4VM=
github.com/go-openapi/testify/v2 v2.4.0 h1:8nsPrHVCWkQ4p8h1EsRVymA2XABB4OT40gcvAu+voFM=
github.com/go-openapi/testify/v2 v2.4.0/go.mod h1:HCPmvFFnheKK2BuwSA0TbbdxJ3I16pjwMkYkP4Ywn54=
github.com/go-test/deep v1.0.8 h1:TDsG77qcSprGbC6vTN8OuXp5g+J+b5Pcguhf7Zt61VM=
github.com/go-test/deep v1.0.8/go.mod h1:5C2ZWiW0ErCdrYzpqxLbTX7MG14M9iiw8DgHncVwcsE=
github.com/gorilla/mux v1.8.1 h1:TuBL49tXwgrFYWhqrNgrUNEY92u81SPhu7sTdzQEiWY=
github.com/gorilla/mux v1.8.1/go.mod h1:AKf9I4AEqPTmMytcMc0KkNouC66V3BtZ4qD5fmWSiMQ=
github.com/josharian/intern v1.0.0 h1:vlS4z54oSdjm0bgjRigI+G1HpF+tI+9rE5LLzOg8HmY=
github.com/josharian/intern v1.0.0/go.mod h1:5DoeVV0s6jJacbCEi61lwdGj/aVlrQvzHFFd8Hwg//Y=
github.com/mailru/easyjson v0.9.0 h1:PrnmzHw7262yW8sTBwxi1PdJA3Iw/EKBa8psRf7d9a4=
github.com/mailru/easyjson v0.9.0/go.mod h1:1+xMtQp2MRNVL/V1bOzuP3aP8VNwRW55fQUto+XFtTU=
github.com/mohae/deepcopy v0.0.0-20170929034955-c48cc78d4826 h1:RWengNIwukTxcDr9M+97sNutRR1RKhG96O6jWumTTnw=
github.com/mohae/deepcopy v0.0.0-20170929034955-c48cc78d4826/go.mod h1:TaXosZuwdSHYgviHp1DAtfrULt5eUgsSMsZf+YrPgl8=
github.com/oasdiff/yaml v0.0.7 h1:r/BR4tqb+W/5fSV6RknYrfBa+PSZnRRvZ/nUnDdepFQ=
github.com/oasdiff/yaml v0.0.7/go.mod h1:EaJ6/lcrRLK+syawtvtrHdbrrln4/SUmQw6aBTIlaMs=
github.com/oasdiff/yaml3 v0.0.4 h1:U5RTQZpBmsbcyCFlzPVuMctk6Jme6lOrbl0jJoOovMw=
github.com/oasdiff/yaml3 v0.0.4/go.mod h1:y5+oSEHCPT/DGrS++Wc/479ERge0zTFxaF8PbGKcg2o=
github.com/perimeterx/marshmallow v1.1.5 h1:a2LALqQ1BlHM8PZblsDdidgv1mWi1DgC2UmX50IvK2s=
github.com/perimeterx/marshmallow v1.1.5/go.mod h1:dsXbUu8CRzfYP5a87xpp0xq9S3u0Vchtcl8we9tYaXw=
github.com/pmezard/go-difflib v1.0.0 h1:4DBwDE0NGyQoBHbLQYPwSUPoCMWR5BEzIk/f1lZbAQM=
github.com/pmezard/go-difflib v1.0.0/go.mod h1:iKH77koFhYxTK1pcRnkKkqfTogsbg7gZNVY4sRDYZ/4=
github.com/stretchr/testify v1.11.1 h1:7s2iGBzp5EwR7/aIZr8ao5+dra3wiQyKjjFuvgVKu7U=
github.com/stretchr/testify v1.11.1/go.mod h1:wZwfW3scLgRK+23gO65QZefKpKQRnfz6sD981Nm4B6U=
github.com/ugorji/go/codec v1.2.7 h1:YPXUKf7fYbp/y8xloBqZOw2qaVggbfwMlI8WM3wZUJ0=
github.com/ugorji/go/codec v1.2.7/go.mod h1:WGN1fab3R1fzQlVQTkfxVtIBhWDRqOviHU95kRgeqEY=
github.com/woodsbury/decimal128 v1.3.0 h1:8pffMNWIlC0O5vbyHWFZAt5yWvWcrHA+3ovIIjVWss0=
github.com/woodsbury/decimal128 v1.3.0/go.mod h1:C5UTmyTjW3JftjUFzOVhC20BEQa2a4ZKOB5I6Zjb+ds=
go.yaml.in/yaml/v3 v3.0.4 h1:tfq32ie2Jv2UxXFdLJdh3jXuOzWiL1fo0bu/FbuKpbc=
go.yaml.in/yaml/v3 v3.0.4/go.mod h1:DhzuOOF2ATzADvBadXxruRBLzYTpT36CKvDb3+aBEFg=
golang.org/x/net v0.50.0 h1:ucWh9eiCGyDR3vtzso0WMQinm2Dnt8cFMuQa9K33J60=
golang.org/x/net v0.50.0/go.mod h1:UgoSli3F/pBgdJBHCTc+tp3gmrU4XswgGRgtnwWTfyM=
golang.org/x/sync v0.19.0 h1:vV+1eWNmZ5geRlYjzm2adRgW2/mcpevXNg50YZtPCE4=
golang.org/x/sync v0.19.0/go.mod h1:9KTHXmSnoGruLpwFjVSX0lNNA75CykiMECbovNTZqGI=
gopkg.in/check.v1 v0.0.0-20161208181325-20d25e280405 h1:yhCVgyC4o1eVCa2tZl7eS0r+SDo693bJlVdllGtEeKM=
gopkg.in/check.v1 v0.0.0-20161208181325-20d25e280405/go.mod h1:Co6ibVJAznAaIkqp8huTwlJQCZ016jof/cbN4VW5Yz0=
gopkg.in/yaml.v3 v3.0.1 h1:fxVm/GzAzEWqLHuvctI91KS9hhNmmWOoWu0XTYJS7CA=
gopkg.in/yaml.v3 v3.0.1/go.mod h1:K4uyk7z7BCEPqu6E+C64Yfv1cQ7kz7rIZviUmN+EgEM=
